
Microsoft Visual Studio Solution File, Format Version 12.00
# Visual Studio 14
VisualStudioVersion = 14.0.25420.1
MinimumVisualStudioVersion = 10.0.40219.1
Project("{FAE04EC0-301F-11D3-BF4B-00C04F79EFBC}") = "SharpKandis", "SharpKandis\SharpKandis.csproj", "{F0796AAE-DBDB-4B0D-96E6-018E6E2953BE}"
EndProject
Project("{FAE04EC0-301F-11D3-BF4B-00C04F79EFBC}") = "SharpKandis.Net.Wcf", "SharpKandis.Net.Wcf\SharpKandis.Net.Wcf.csproj", "{74B6D741-91A1-4A13-9444-F179EB71F9F7}"
EndProject
Project("{FAE04EC0-301F-11D3-BF4B-00C04F79EFBC}") = "SharpKandis.Text", "SharpKandis.Text\SharpKandis.Text.csproj", "{C373AB40-25F2-41DF-91F0-E57B8E8A5414}"
EndProject
Project("{FAE04EC0-301F-11D3-BF4B-00C04F79EFBC}") = "SharpKandis.Threading", "SharpKandis.Threading\SharpKandis.Threading.csproj", "{F627757D-8ABE-4600-9B67-DF34B1D6FB02}"
EndProject
Project("{FAE04EC0-301F-11D3-BF4B-00C04F79EFBC}") = "SharpKandis.Windows.Forms", "SharpKandis.Windows.Forms\SharpKandis.Windows.Forms.csproj", "{68869F07-58FC-4619-A37F-EFB070B85D6E}"
EndProject
Global
	GlobalSection(SolutionConfigurationPlatforms) = preSolution
		Debug|Any CPU = Debug|Any CPU
		Release|Any CPU = Release|Any CPU
	EndGlobalSection
	GlobalSection(ProjectConfigurationPlatforms) = postSolution
		{F0796AAE-DBDB-4B0D-96E6-018E6E2953BE}.Debug|Any CPU.ActiveCfg = Debug|Any CPU
		{F0796AAE-DBDB-4B0D-96E6-018E6E2953BE}.Debug|Any CPU.Build.0 = Debug|Any CPU
		{F0796AAE-DBDB-4B0D-96E6-018E6E2953BE}.Release|Any CPU.ActiveCfg = Release|Any CPU
		{F0796AAE-DBDB-4B0D-96E6-018E6E2953BE}.Release|Any CPU.Build.0 = Release|Any CPU
		{74B6D741-91A1-4A13-9444-F179EB71F9F7}.Debug|Any CPU.ActiveCfg = Debug|Any CPU
		{74B6D741-91A1-4A13-9444-F179EB71F9F7}.Debug|Any CPU.Build.0 = Debug|Any CPU
		{74B6D741-91A1-4A13-9444-F179EB71F9F7}.Release|Any CPU.ActiveCfg = Release|Any CPU
		{74B6D741-91A1-4A13-9444-F179EB71F9F7}.Release|Any CPU.Build.0 = Release|Any CPU
		{C373AB40-25F2-41DF-91F0-E57B8E8A5414}.Debug|Any CPU.ActiveCfg = Debug|Any CPU
		{C373AB40-25F2-41DF-91F0-E57B8E8A5414}.Debug|Any CPU.Build.0 = Debug|Any CPU
		{C373AB40-25F2-41DF-91F0-E57B8E8A5414}.Release|Any CPU.ActiveCfg = Release|Any CPU
		{C373AB40-25F2-41DF-91F0-E57B8E8A5414}.Release|Any CPU.Build.0 = Release|Any CPU
		{F627757D-8ABE-4600-9B67-DF34B1D6FB02}.Debug|Any CPU.ActiveCfg = Debug|Any CPU
		{F627757D-8ABE-4600-9B67-DF34B1D6FB02}.Debug|Any CPU.Build.0 = Debug|Any CPU
		{F627757D-8ABE-4600-9B67-DF34B1D6FB02}.Release|Any CPU.ActiveCfg = Release|Any CPU
		{F627757D-8ABE-4600-9B67-DF34B1D6FB02}.Release|Any CPU.Build.0 = Release|Any CPU
		{68869F07-58FC-4619-A37F-EFB070B85D6E}.Debug|Any CPU.ActiveCfg = Debug|Any CPU
		{68869F07-58FC-4619-A37F-EFB070B85D6E}.Debug|Any CPU.Build.0 = Debug|Any CPU
		{68869F07-58FC-4619-A37F-EFB070B85D6E}.Release|Any CPU.ActiveCfg = Release|Any CPU
		{68869F07-58FC-4619-A37F-EFB070B85D6E}.Release|Any CPU.Build.0 = Release|Any CPU
	EndGlobalSection
	GlobalSection(SolutionProperties) = preSolution
		HideSolutionNode = FALSE
	EndGlobalSection
EndGlobal
